// !$*UTF8*$!
{
	archiveVersion = 1;
	classes = {
	};
	objectVersion = 56;
	objects = {

/* Begin PBXBuildFile section */
		162302A82AB9EABA00EEE8C4 /* ScheduleEditor.swift in Sources */ = {isa = PBXBuildFile; fileRef = 162302A72AB9EABA00EEE8C4 /* ScheduleEditor.swift */; };
		162302AA2AB9F9B100EEE8C4 /* Lesson Editor.swift in Sources */ = {isa = PBXBuildFile; fileRef = 162302A92AB9F9B100EEE8C4 /* Lesson Editor.swift */; };
		167E370E2AB99F9E009ED925 /* Extensions.swift in Sources */ = {isa = PBXBuildFile; fileRef = 167E370D2AB99F9E009ED925 /* Extensions.swift */; };
		16BA643A2AB89331004CD888 /* AgendaApp.swift in Sources */ = {isa = PBXBuildFile; fileRef = 16BA64392AB89331004CD888 /* AgendaApp.swift */; };
		16BA643C2AB89331004CD888 /* SchedulesView.swift in Sources */ = {isa = PBXBuildFile; fileRef = 16BA643B2AB89331004CD888 /* SchedulesView.swift */; };
		16BA643E2AB89336004CD888 /* Assets.xcassets in Resources */ = {isa = PBXBuildFile; fileRef = 16BA643D2AB89336004CD888 /* Assets.xcassets */; };
		16BA64412AB89336004CD888 /* Preview Assets.xcassets in Resources */ = {isa = PBXBuildFile; fileRef = 16BA64402AB89336004CD888 /* Preview Assets.xcassets */; };
		16BA644A2AB8935C004CD888 /* ArrayTransformer.swift in Sources */ = {isa = PBXBuildFile; fileRef = 16BA64472AB8935B004CD888 /* ArrayTransformer.swift */; };
		16BA644B2AB8935C004CD888 /* ColorTransformer.swift in Sources */ = {isa = PBXBuildFile; fileRef = 16BA64482AB8935B004CD888 /* ColorTransformer.swift */; };
		ED267E542AD441FA002DFF50 /* VersionedSchemaCoreData.swift in Sources */ = {isa = PBXBuildFile; fileRef = ED267E532AD441FA002DFF50 /* VersionedSchemaCoreData.swift */; };
		ED267E562AD44436002DFF50 /* SchemaVersion1.swift in Sources */ = {isa = PBXBuildFile; fileRef = ED267E552AD44436002DFF50 /* SchemaVersion1.swift */; };
		ED267E652AD44F99002DFF50 /* MigrationPlan.swift in Sources */ = {isa = PBXBuildFile; fileRef = ED267E642AD44F99002DFF50 /* MigrationPlan.swift */; };
		ED267E662AD4507A002DFF50 /* VersionedSchemaCoreData.swift in Sources */ = {isa = PBXBuildFile; fileRef = ED267E532AD441FA002DFF50 /* VersionedSchemaCoreData.swift */; };
		ED267E672AD4507A002DFF50 /* MigrationPlan.swift in Sources */ = {isa = PBXBuildFile; fileRef = ED267E642AD44F99002DFF50 /* MigrationPlan.swift */; };
		ED267E682AD4507A002DFF50 /* SchemaVersion1.swift in Sources */ = {isa = PBXBuildFile; fileRef = ED267E552AD44436002DFF50 /* SchemaVersion1.swift */; };
		ED267E6A2AD4548D002DFF50 /* ColorTransformer.swift in Sources */ = {isa = PBXBuildFile; fileRef = 16BA64482AB8935B004CD888 /* ColorTransformer.swift */; };
		ED267E6B2AD4548D002DFF50 /* ArrayTransformer.swift in Sources */ = {isa = PBXBuildFile; fileRef = 16BA64472AB8935B004CD888 /* ArrayTransformer.swift */; };
/* End PBXBuildFile section */

/* Begin PBXContainerItemProxy section */
		ED267E5F2AD44F02002DFF50 /* PBXContainerItemProxy */ = {
			isa = PBXContainerItemProxy;
			containerPortal = 16BA642E2AB89331004CD888 /* Project object */;
			proxyType = 1;
			remoteGlobalIDString = 16BA64352AB89331004CD888;
			remoteInfo = Agenda;
		};
/* End PBXContainerItemProxy section */

/* Begin PBXFileReference section */
		162302A72AB9EABA00EEE8C4 /* ScheduleEditor.swift */ = {isa = PBXFileReference; lastKnownFileType = sourcecode.swift; path = ScheduleEditor.swift; sourceTree = "<group>"; };
		162302A92AB9F9B100EEE8C4 /* Lesson Editor.swift */ = {isa = PBXFileReference; lastKnownFileType = sourcecode.swift; path = "Lesson Editor.swift"; sourceTree = "<group>"; };
		167E370D2AB99F9E009ED925 /* Extensions.swift */ = {isa = PBXFileReference; lastKnownFileType = sourcecode.swift; path = Extensions.swift; sourceTree = "<group>"; };
		16BA64362AB89331004CD888 /* Agenda.app */ = {isa = PBXFileReference; explicitFileType = wrapper.application; includeInIndex = 0; path = Agenda.app; sourceTree = BUILT_PRODUCTS_DIR; };
		16BA64392AB89331004CD888 /* AgendaApp.swift */ = {isa = PBXFileReference; lastKnownFileType = sourcecode.swift; path = AgendaApp.swift; sourceTree = "<group>"; };
		16BA643B2AB89331004CD888 /* SchedulesView.swift */ = {isa = PBXFileReference; lastKnownFileType = sourcecode.swift; path = SchedulesView.swift; sourceTree = "<group>"; };
		16BA643D2AB89336004CD888 /* Assets.xcassets */ = {isa = PBXFileReference; lastKnownFileType = folder.assetcatalog; path = Assets.xcassets; sourceTree = "<group>"; };
		16BA64402AB89336004CD888 /* Preview Assets.xcassets */ = {isa = PBXFileReference; lastKnownFileType = folder.assetcatalog; path = "Preview Assets.xcassets"; sourceTree = "<group>"; };
		16BA64472AB8935B004CD888 /* ArrayTransformer.swift */ = {isa = PBXFileReference; fileEncoding = 4; lastKnownFileType = sourcecode.swift; path = ArrayTransformer.swift; sourceTree = "<group>"; };
		16BA64482AB8935B004CD888 /* ColorTransformer.swift */ = {isa = PBXFileReference; fileEncoding = 4; lastKnownFileType = sourcecode.swift; path = ColorTransformer.swift; sourceTree = "<group>"; };
		ED267E532AD441FA002DFF50 /* VersionedSchemaCoreData.swift */ = {isa = PBXFileReference; lastKnownFileType = sourcecode.swift; path = VersionedSchemaCoreData.swift; sourceTree = "<group>"; };
		ED267E552AD44436002DFF50 /* SchemaVersion1.swift */ = {isa = PBXFileReference; lastKnownFileType = sourcecode.swift; path = SchemaVersion1.swift; sourceTree = "<group>"; };
		ED267E5B2AD44F02002DFF50 /* AgendaTests.xctest */ = {isa = PBXFileReference; explicitFileType = wrapper.cfbundle; includeInIndex = 0; path = AgendaTests.xctest; sourceTree = BUILT_PRODUCTS_DIR; };
		ED267E642AD44F99002DFF50 /* MigrationPlan.swift */ = {isa = PBXFileReference; lastKnownFileType = sourcecode.swift; path = MigrationPlan.swift; sourceTree = "<group>"; };
/* End PBXFileReference section */

/* Begin PBXFrameworksBuildPhase section */
		16BA64332AB89331004CD888 /* Frameworks */ = {
			isa = PBXFrameworksBuildPhase;
			buildActionMask = 2147483647;
			files = (
			);
			runOnlyForDeploymentPostprocessing = 0;
		};
		ED267E582AD44F02002DFF50 /* Frameworks */ = {
			isa = PBXFrameworksBuildPhase;
			buildActionMask = 2147483647;
			files = (
			);
			runOnlyForDeploymentPostprocessing = 0;
		};
/* End PBXFrameworksBuildPhase section */

/* Begin PBXGroup section */
		162302A42AB9EA6300EEE8C4 /* Models */ = {
			isa = PBXGroup;
			children = (
				16BA64472AB8935B004CD888 /* ArrayTransformer.swift */,
				16BA64482AB8935B004CD888 /* ColorTransformer.swift */,
				ED267E532AD441FA002DFF50 /* VersionedSchemaCoreData.swift */,
				ED267E552AD44436002DFF50 /* SchemaVersion1.swift */,
				ED267E642AD44F99002DFF50 /* MigrationPlan.swift */,
			);
			path = Models;
			sourceTree = "<group>";
		};
		162302A52AB9EA7300EEE8C4 /* Views */ = {
			isa = PBXGroup;
			children = (
				16BA643B2AB89331004CD888 /* SchedulesView.swift */,
			);
			path = Views;
			sourceTree = "<group>";
		};
		162302A62AB9EAA200EEE8C4 /* Editors */ = {
			isa = PBXGroup;
			children = (
				162302A72AB9EABA00EEE8C4 /* ScheduleEditor.swift */,
				162302A92AB9F9B100EEE8C4 /* Lesson Editor.swift */,
			);
			path = Editors;
			sourceTree = "<group>";
		};
		16BA642D2AB89331004CD888 = {
			isa = PBXGroup;
			children = (
				16BA64382AB89331004CD888 /* Agenda */,
				16BA64372AB89331004CD888 /* Products */,
			);
			sourceTree = "<group>";
		};
		16BA64372AB89331004CD888 /* Products */ = {
			isa = PBXGroup;
			children = (
				16BA64362AB89331004CD888 /* Agenda.app */,
				ED267E5B2AD44F02002DFF50 /* AgendaTests.xctest */,
			);
			name = Products;
			sourceTree = "<group>";
		};
		16BA64382AB89331004CD888 /* Agenda */ = {
			isa = PBXGroup;
			children = (
				16BA64392AB89331004CD888 /* AgendaApp.swift */,
				162302A42AB9EA6300EEE8C4 /* Models */,
				162302A52AB9EA7300EEE8C4 /* Views */,
				162302A62AB9EAA200EEE8C4 /* Editors */,
				167E370D2AB99F9E009ED925 /* Extensions.swift */,
				16BA643D2AB89336004CD888 /* Assets.xcassets */,
				16BA643F2AB89336004CD888 /* Preview Content */,
			);
			path = Agenda;
			sourceTree = "<group>";
		};
		16BA643F2AB89336004CD888 /* Preview Content */ = {
			isa = PBXGroup;
			children = (
				16BA64402AB89336004CD888 /* Preview Assets.xcassets */,
			);
			path = "Preview Content";
			sourceTree = "<group>";
		};
/* End PBXGroup section */

/* Begin PBXNativeTarget section */
		16BA64352AB89331004CD888 /* Agenda */ = {
			isa = PBXNativeTarget;
			buildConfigurationList = 16BA64442AB89336004CD888 /* Build configuration list for PBXNativeTarget "Agenda" */;
			buildPhases = (
				16BA64322AB89331004CD888 /* Sources */,
				16BA64332AB89331004CD888 /* Frameworks */,
				16BA64342AB89331004CD888 /* Resources */,
			);
			buildRules = (
			);
			dependencies = (
			);
			name = Agenda;
			productName = Agenda;
			productReference = 16BA64362AB89331004CD888 /* Agenda.app */;
			productType = "com.apple.product-type.application";
		};
		ED267E5A2AD44F02002DFF50 /* AgendaTests */ = {
			isa = PBXNativeTarget;
			buildConfigurationList = ED267E612AD44F02002DFF50 /* Build configuration list for PBXNativeTarget "AgendaTests" */;
			buildPhases = (
				ED267E572AD44F02002DFF50 /* Sources */,
				ED267E582AD44F02002DFF50 /* Frameworks */,
				ED267E592AD44F02002DFF50 /* Resources */,
			);
			buildRules = (
			);
			dependencies = (
				ED267E602AD44F02002DFF50 /* PBXTargetDependency */,
			);
			name = AgendaTests;
			productName = AgendaTests;
			productReference = ED267E5B2AD44F02002DFF50 /* AgendaTests.xctest */;
			productType = "com.apple.product-type.bundle.unit-test";
		};
/* End PBXNativeTarget section */

/* Begin PBXProject section */
		16BA642E2AB89331004CD888 /* Project object */ = {
			isa = PBXProject;
			attributes = {
				BuildIndependentTargetsInParallel = 1;
				LastSwiftUpdateCheck = 1500;
				LastUpgradeCheck = 1500;
				TargetAttributes = {
					16BA64352AB89331004CD888 = {
						CreatedOnToolsVersion = 15.0;
					};
					ED267E5A2AD44F02002DFF50 = {
						CreatedOnToolsVersion = 15.0;
						TestTargetID = 16BA64352AB89331004CD888;
					};
				};
			};
			buildConfigurationList = 16BA64312AB89331004CD888 /* Build configuration list for PBXProject "Agenda" */;
			compatibilityVersion = "Xcode 14.0";
			developmentRegion = en;
			hasScannedForEncodings = 0;
			knownRegions = (
				en,
				Base,
			);
			mainGroup = 16BA642D2AB89331004CD888;
			productRefGroup = 16BA64372AB89331004CD888 /* Products */;
			projectDirPath = "";
			projectRoot = "";
			targets = (
				16BA64352AB89331004CD888 /* Agenda */,
				ED267E5A2AD44F02002DFF50 /* AgendaTests */,
			);
		};
/* End PBXProject section */

/* Begin PBXResourcesBuildPhase section */
		16BA64342AB89331004CD888 /* Resources */ = {
			isa = PBXResourcesBuildPhase;
			buildActionMask = 2147483647;
			files = (
				16BA64412AB89336004CD888 /* Preview Assets.xcassets in Resources */,
				16BA643E2AB89336004CD888 /* Assets.xcassets in Resources */,
			);
			runOnlyForDeploymentPostprocessing = 0;
		};
		ED267E592AD44F02002DFF50 /* Resources */ = {
			isa = PBXResourcesBuildPhase;
			buildActionMask = 2147483647;
			files = (
			);
			runOnlyForDeploymentPostprocessing = 0;
		};
/* End PBXResourcesBuildPhase section */

/* Begin PBXSourcesBuildPhase section */
		16BA64322AB89331004CD888 /* Sources */ = {
			isa = PBXSourcesBuildPhase;
			buildActionMask = 2147483647;
			files = (
				ED267E652AD44F99002DFF50 /* MigrationPlan.swift in Sources */,
				16BA644A2AB8935C004CD888 /* ArrayTransformer.swift in Sources */,
				162302AA2AB9F9B100EEE8C4 /* Lesson Editor.swift in Sources */,
				ED267E542AD441FA002DFF50 /* VersionedSchemaCoreData.swift in Sources */,
				16BA643C2AB89331004CD888 /* SchedulesView.swift in Sources */,
				162302A82AB9EABA00EEE8C4 /* ScheduleEditor.swift in Sources */,
				16BA643A2AB89331004CD888 /* AgendaApp.swift in Sources */,
				16BA644B2AB8935C004CD888 /* ColorTransformer.swift in Sources */,
				ED267E562AD44436002DFF50 /* SchemaVersion1.swift in Sources */,
				167E370E2AB99F9E009ED925 /* Extensions.swift in Sources */,
			);
			runOnlyForDeploymentPostprocessing = 0;
		};
		ED267E572AD44F02002DFF50 /* Sources */ = {
			isa = PBXSourcesBuildPhase;
			buildActionMask = 2147483647;
			files = (
				ED267E6A2AD4548D002DFF50 /* ColorTransformer.swift in Sources */,
				ED267E682AD4507A002DFF50 /* SchemaVersion1.swift in Sources */,
				ED267E662AD4507A002DFF50 /* VersionedSchemaCoreData.swift in Sources */,
				ED267E672AD4507A002DFF50 /* MigrationPlan.swift in Sources */,
				ED267E6B2AD4548D002DFF50 /* ArrayTransformer.swift in Sources */,
			);
			runOnlyForDeploymentPostprocessing = 0;
		};
/* End PBXSourcesBuildPhase section */

/* Begin PBXTargetDependency section */
		ED267E602AD44F02002DFF50 /* PBXTargetDependency */ = {
			isa = PBXTargetDependency;
			target = 16BA64352AB89331004CD888 /* Agenda */;
			targetProxy = ED267E5F2AD44F02002DFF50 /* PBXContainerItemProxy */;
		};
/* End PBXTargetDependency section */

/* Begin XCBuildConfiguration section */
		16BA64422AB89336004CD888 /* Debug */ = {
			isa = XCBuildConfiguration;
			buildSettings = {
				ALWAYS_SEARCH_USER_PATHS = NO;
				ASSETCATALOG_COMPILER_GENERATE_SWIFT_ASSET_SYMBOL_EXTENSIONS = YES;
				CLANG_ANALYZER_NONNULL = YES;
				CLANG_ANALYZER_NUMBER_OBJECT_CONVERSION = YES_AGGRESSIVE;
				CLANG_CXX_LANGUAGE_STANDARD = "gnu++20";
				CLANG_ENABLE_MODULES = YES;
				CLANG_ENABLE_OBJC_ARC = YES;
				CLANG_ENABLE_OBJC_WEAK = YES;
				CLANG_WARN_BLOCK_CAPTURE_AUTORELEASING = YES;
				CLANG_WARN_BOOL_CONVERSION = YES;
				CLANG_WARN_COMMA = YES;
				CLANG_WARN_CONSTANT_CONVERSION = YES;
				CLANG_WARN_DEPRECATED_OBJC_IMPLEMENTATIONS = YES;
				CLANG_WARN_DIRECT_OBJC_ISA_USAGE = YES_ERROR;
				CLANG_WARN_DOCUMENTATION_COMMENTS = YES;
				CLANG_WARN_EMPTY_BODY = YES;
				CLANG_WARN_ENUM_CONVERSION = YES;
				CLANG_WARN_INFINITE_RECURSION = YES;
				CLANG_WARN_INT_CONVERSION = YES;
				CLANG_WARN_NON_LITERAL_NULL_CONVERSION = YES;
				CLANG_WARN_OBJC_IMPLICIT_RETAIN_SELF = YES;
				CLANG_WARN_OBJC_LITERAL_CONVERSION = YES;
				CLANG_WARN_OBJC_ROOT_CLASS = YES_ERROR;
				CLANG_WARN_QUOTED_INCLUDE_IN_FRAMEWORK_HEADER = YES;
				CLANG_WARN_RANGE_LOOP_ANALYSIS = YES;
				CLANG_WARN_STRICT_PROTOTYPES = YES;
				CLANG_WARN_SUSPICIOUS_MOVE = YES;
				CLANG_WARN_UNGUARDED_AVAILABILITY = YES_AGGRESSIVE;
				CLANG_WARN_UNREACHABLE_CODE = YES;
				CLANG_WARN__DUPLICATE_METHOD_MATCH = YES;
				COPY_PHASE_STRIP = NO;
				DEBUG_INFORMATION_FORMAT = dwarf;
				ENABLE_STRICT_OBJC_MSGSEND = YES;
				ENABLE_TESTABILITY = YES;
				ENABLE_USER_SCRIPT_SANDBOXING = YES;
				GCC_C_LANGUAGE_STANDARD = gnu17;
				GCC_DYNAMIC_NO_PIC = NO;
				GCC_NO_COMMON_BLOCKS = YES;
				GCC_OPTIMIZATION_LEVEL = 0;
				GCC_PREPROCESSOR_DEFINITIONS = (
					"DEBUG=1",
					"$(inherited)",
				);
				GCC_WARN_64_TO_32_BIT_CONVERSION = YES;
				GCC_WARN_ABOUT_RETURN_TYPE = YES_ERROR;
				GCC_WARN_UNDECLARED_SELECTOR = YES;
				GCC_WARN_UNINITIALIZED_AUTOS = YES_AGGRESSIVE;
				GCC_WARN_UNUSED_FUNCTION = YES;
				GCC_WARN_UNUSED_VARIABLE = YES;
				IPHONEOS_DEPLOYMENT_TARGET = 17.0;
				LOCALIZATION_PREFERS_STRING_CATALOGS = YES;
				MTL_ENABLE_DEBUG_INFO = INCLUDE_SOURCE;
				MTL_FAST_MATH = YES;
				ONLY_ACTIVE_ARCH = YES;
				SDKROOT = iphoneos;
				SWIFT_ACTIVE_COMPILATION_CONDITIONS = "DEBUG $(inherited)";
				SWIFT_OPTIMIZATION_LEVEL = "-Onone";
			};
			name = Debug;
		};
		16BA64432AB89336004CD888 /* Release */ = {
			isa = XCBuildConfiguration;
			buildSettings = {
				ALWAYS_SEARCH_USER_PATHS = NO;
				ASSETCATALOG_COMPILER_GENERATE_SWIFT_ASSET_SYMBOL_EXTENSIONS = YES;
				CLANG_ANALYZER_NONNULL = YES;
				CLANG_ANALYZER_NUMBER_OBJECT_CONVERSION = YES_AGGRESSIVE;
				CLANG_CXX_LANGUAGE_STANDARD = "gnu++20";
				CLANG_ENABLE_MODULES = YES;
				CLANG_ENABLE_OBJC_ARC = YES;
				CLANG_ENABLE_OBJC_WEAK = YES;
				CLANG_WARN_BLOCK_CAPTURE_AUTORELEASING = YES;
				CLANG_WARN_BOOL_CONVERSION = YES;
				CLANG_WARN_COMMA = YES;
				CLANG_WARN_CONSTANT_CONVERSION = YES;
				CLANG_WARN_DEPRECATED_OBJC_IMPLEMENTATIONS = YES;
				CLANG_WARN_DIRECT_OBJC_ISA_USAGE = YES_ERROR;
				CLANG_WARN_DOCUMENTATION_COMMENTS = YES;
				CLANG_WARN_EMPTY_BODY = YES;
				CLANG_WARN_ENUM_CONVERSION = YES;
				CLANG_WARN_INFINITE_RECURSION = YES;
				CLANG_WARN_INT_CONVERSION = YES;
				CLANG_WARN_NON_LITERAL_NULL_CONVERSION = YES;
				CLANG_WARN_OBJC_IMPLICIT_RETAIN_SELF = YES;
				CLANG_WARN_OBJC_LITERAL_CONVERSION = YES;
				CLANG_WARN_OBJC_ROOT_CLASS = YES_ERROR;
				CLANG_WARN_QUOTED_INCLUDE_IN_FRAMEWORK_HEADER = YES;
				CLANG_WARN_RANGE_LOOP_ANALYSIS = YES;
				CLANG_WARN_STRICT_PROTOTYPES = YES;
				CLANG_WARN_SUSPICIOUS_MOVE = YES;
				CLANG_WARN_UNGUARDED_AVAILABILITY = YES_AGGRESSIVE;
				CLANG_WARN_UNREACHABLE_CODE = YES;
				CLANG_WARN__DUPLICATE_METHOD_MATCH = YES;
				COPY_PHASE_STRIP = NO;
				DEBUG_INFORMATION_FORMAT = "dwarf-with-dsym";
				ENABLE_NS_ASSERTIONS = NO;
				ENABLE_STRICT_OBJC_MSGSEND = YES;
				ENABLE_USER_SCRIPT_SANDBOXING = YES;
				GCC_C_LANGUAGE_STANDARD = gnu17;
				GCC_NO_COMMON_BLOCKS = YES;
				GCC_WARN_64_TO_32_BIT_CONVERSION = YES;
				GCC_WARN_ABOUT_RETURN_TYPE = YES_ERROR;
				GCC_WARN_UNDECLARED_SELECTOR = YES;
				GCC_WARN_UNINITIALIZED_AUTOS = YES_AGGRESSIVE;
				GCC_WARN_UNUSED_FUNCTION = YES;
				GCC_WARN_UNUSED_VARIABLE = YES;
				IPHONEOS_DEPLOYMENT_TARGET = 17.0;
				LOCALIZATION_PREFERS_STRING_CATALOGS = YES;
				MTL_ENABLE_DEBUG_INFO = NO;
				MTL_FAST_MATH = YES;
				SDKROOT = iphoneos;
				SWIFT_COMPILATION_MODE = wholemodule;
				VALIDATE_PRODUCT = YES;
			};
			name = Release;
		};
		16BA64452AB89336004CD888 /* Debug */ = {
			isa = XCBuildConfiguration;
			buildSettings = {
				ASSETCATALOG_COMPILER_APPICON_NAME = AppIcon;
				ASSETCATALOG_COMPILER_GLOBAL_ACCENT_COLOR_NAME = AccentColor;
				CODE_SIGN_STYLE = Automatic;
				CURRENT_PROJECT_VERSION = 1;
				DEVELOPMENT_ASSET_PATHS = "\"Agenda/Preview Content\"";
				DEVELOPMENT_TEAM = 26VASZ3327;
				ENABLE_PREVIEWS = YES;
				GENERATE_INFOPLIST_FILE = YES;
				INFOPLIST_KEY_CFBundleDisplayName = "Agenda!";
				INFOPLIST_KEY_UIApplicationSceneManifest_Generation = YES;
				INFOPLIST_KEY_UIApplicationSupportsIndirectInputEvents = YES;
				INFOPLIST_KEY_UILaunchScreen_Generation = YES;
				INFOPLIST_KEY_UISupportedInterfaceOrientations_iPad = "UIInterfaceOrientationPortrait UIInterfaceOrientationPortraitUpsideDown UIInterfaceOrientationLandscapeLeft UIInterfaceOrientationLandscapeRight";
				INFOPLIST_KEY_UISupportedInterfaceOrientations_iPhone = "UIInterfaceOrientationPortrait UIInterfaceOrientationLandscapeLeft UIInterfaceOrientationLandscapeRight";
				LD_RUNPATH_SEARCH_PATHS = (
					"$(inherited)",
					"@executable_path/Frameworks",
				);
				MARKETING_VERSION = 1.0;
				PRODUCT_BUNDLE_IDENTIFIER = com.jacobhanna.Agenda;
				PRODUCT_NAME = "$(TARGET_NAME)";
				SWIFT_EMIT_LOC_STRINGS = YES;
				SWIFT_VERSION = 5.0;
				TARGETED_DEVICE_FAMILY = "1,2";
			};
			name = Debug;
		};
		16BA64462AB89336004CD888 /* Release */ = {
			isa = XCBuildConfiguration;
			buildSettings = {
				ASSETCATALOG_COMPILER_APPICON_NAME = AppIcon;
				ASSETCATALOG_COMPILER_GLOBAL_ACCENT_COLOR_NAME = AccentColor;
				CODE_SIGN_STYLE = Automatic;
				CURRENT_PROJECT_VERSION = 1;
				DEVELOPMENT_ASSET_PATHS = "\"Agenda/Preview Content\"";
				DEVELOPMENT_TEAM = 26VASZ3327;
				ENABLE_PREVIEWS = YES;
				GENERATE_INFOPLIST_FILE = YES;
				INFOPLIST_KEY_CFBundleDisplayName = "Agenda!";
				INFOPLIST_KEY_UIApplicationSceneManifest_Generation = YES;
				INFOPLIST_KEY_UIApplicationSupportsIndirectInputEvents = YES;
				INFOPLIST_KEY_UILaunchScreen_Generation = YES;
				INFOPLIST_KEY_UISupportedInterfaceOrientations_iPad = "UIInterfaceOrientationPortrait UIInterfaceOrientationPortraitUpsideDown UIInterfaceOrientationLandscapeLeft UIInterfaceOrientationLandscapeRight";
				INFOPLIST_KEY_UISupportedInterfaceOrientations_iPhone = "UIInterfaceOrientationPortrait UIInterfaceOrientationLandscapeLeft UIInterfaceOrientationLandscapeRight";
				LD_RUNPATH_SEARCH_PATHS = (
					"$(inherited)",
					"@executable_path/Frameworks",
				);
				MARKETING_VERSION = 1.0;
				PRODUCT_BUNDLE_IDENTIFIER = com.jacobhanna.Agenda;
				PRODUCT_NAME = "$(TARGET_NAME)";
				SWIFT_EMIT_LOC_STRINGS = YES;
				SWIFT_VERSION = 5.0;
				TARGETED_DEVICE_FAMILY = "1,2";
			};
			name = Release;
		};
		ED267E622AD44F02002DFF50 /* Debug */ = {
			isa = XCBuildConfiguration;
			buildSettings = {
				BUNDLE_LOADER = "$(TEST_HOST)";
				CODE_SIGN_STYLE = Automatic;
				CURRENT_PROJECT_VERSION = 1;
				GENERATE_INFOPLIST_FILE = YES;
				MARKETING_VERSION = 1.0;
				PRODUCT_BUNDLE_IDENTIFIER = com.jacob.hanna.AgendaTests;
				PRODUCT_NAME = "$(TARGET_NAME)";
				SWIFT_EMIT_LOC_STRINGS = NO;
				SWIFT_VERSION = 5.0;
				TARGETED_DEVICE_FAMILY = "1,2";
				TEST_HOST = "$(BUILT_PRODUCTS_DIR)/Agenda.app/$(BUNDLE_EXECUTABLE_FOLDER_PATH)/Agenda";
			};
			name = Debug;
		};
		ED267E632AD44F02002DFF50 /* Release */ = {
			isa = XCBuildConfiguration;
			buildSettings = {
				BUNDLE_LOADER = "$(TEST_HOST)";
				CODE_SIGN_STYLE = Automatic;
				CURRENT_PROJECT_VERSION = 1;
				GENERATE_INFOPLIST_FILE = YES;
				MARKETING_VERSION = 1.0;
				PRODUCT_BUNDLE_IDENTIFIER = com.jacob.hanna.AgendaTests;
				PRODUCT_NAME = "$(TARGET_NAME)";
				SWIFT_EMIT_LOC_STRINGS = NO;
				SWIFT_VERSION = 5.0;
				TARGETED_DEVICE_FAMILY = "1,2";
				TEST_HOST = "$(BUILT_PRODUCTS_DIR)/Agenda.app/$(BUNDLE_EXECUTABLE_FOLDER_PATH)/Agenda";
			};
			name = Release;
		};
/* End XCBuildConfiguration section */

/* Begin XCConfigurationList section */
		16BA64312AB89331004CD888 /* Build configuration list for PBXProject "Agenda" */ = {
			isa = XCConfigurationList;
			buildConfigurations = (
				16BA64422AB89336004CD888 /* Debug */,
				16BA64432AB89336004CD888 /* Release */,
			);
			defaultConfigurationIsVisible = 0;
			defaultConfigurationName = Release;
		};
		16BA64442AB89336004CD888 /* Build configuration list for PBXNativeTarget "Agenda" */ = {
			isa = XCConfigurationList;
			buildConfigurations = (
				16BA64452AB89336004CD888 /* Debug */,
				16BA64462AB89336004CD888 /* Release */,
			);
			defaultConfigurationIsVisible = 0;
			defaultConfigurationName = Release;
		};
		ED267E612AD44F02002DFF50 /* Build configuration list for PBXNativeTarget "AgendaTests" */ = {
			isa = XCConfigurationList;
			buildConfigurations = (
				ED267E622AD44F02002DFF50 /* Debug */,
				ED267E632AD44F02002DFF50 /* Release */,
			);
			defaultConfigurationIsVisible = 0;
			defaultConfigurationName = Release;
		};
/* End XCConfigurationList section */
	};
	rootObject = 16BA642E2AB89331004CD888 /* Project object */;
}
